
Microsoft Visual Studio Solution File, Format Version 12.00
# Visual Studio Version 16
VisualStudioVersion = 16.0.29926.136
MinimumVisualStudioVersion = 10.0.40219.1
Project("{FAE04EC0-301F-11D3-BF4B-00C04F79EFBC}") = "eShopSolution.WedApp", "eShopSolution.WedApp\eShopSolution.WedApp.csproj", "{F6B4963F-E9F4-4426-83B6-3D104047344E}"
EndProject
Project("{2150E333-8FDC-42A3-9474-1A3956D46DE8}") = "Solution Items", "Solution Items", "{97D38517-C953-4496-BEEF-8EF30A660743}"
	ProjectSection(SolutionItems) = preProject
		README.cmd = README.cmd
	EndProjectSection
EndProject
Global
	GlobalSection(SolutionConfigurationPlatforms) = preSolution
		Debug|Any CPU = Debug|Any CPU
		Release|Any CPU = Release|Any CPU
	EndGlobalSection
	GlobalSection(ProjectConfigurationPlatforms) = postSolution
		{F6B4963F-E9F4-4426-83B6-3D104047344E}.Debug|Any CPU.ActiveCfg = Debug|Any CPU
		{F6B4963F-E9F4-4426-83B6-3D104047344E}.Debug|Any CPU.Build.0 = Debug|Any CPU
		{F6B4963F-E9F4-4426-83B6-3D104047344E}.Release|Any CPU.ActiveCfg = Release|Any CPU
		{F6B4963F-E9F4-4426-83B6-3D104047344E}.Release|Any CPU.Build.0 = Release|Any CPU
	EndGlobalSection
	GlobalSection(SolutionProperties) = preSolution
		HideSolutionNode = FALSE
	EndGlobalSection
	GlobalSection(ExtensibilityGlobals) = postSolution
		SolutionGuid = {90609316-445B-411F-A9A3-C9485ABE336C}
	EndGlobalSection
EndGlobal
